
Microsoft Visual Studio Solution File, Format Version 12.00
# Visual Studio 2013
VisualStudioVersion = 12.0.31101.0
MinimumVisualStudioVersion = 10.0.40219.1
Project("{FAE04EC0-301F-11D3-BF4B-00C04F79EFBC}") = "GenericList", "GenericList\GenericList.csproj", "{FE483EDA-F2C8-494C-9C4A-89F4730BAAA1}"
EndProject
Project("{FAE04EC0-301F-11D3-BF4B-00C04F79EFBC}") = "01_02_03_04_CoordinatesClass", "01_02_03_04_CoordinatesClass\01_02_03_04_CoordinatesClass.csproj", "{8E23D348-A26A-4463-B4DB-11EA56CAE751}"
EndProject
Global
	GlobalSection(SolutionConfigurationPlatforms) = preSolution
		Debug|Any CPU = Debug|Any CPU
		Release|Any CPU = Release|Any CPU
	EndGlobalSection
	GlobalSection(ProjectConfigurationPlatforms) = postSolution
		{FE483EDA-F2C8-494C-9C4A-89F4730BAAA1}.Debug|Any CPU.ActiveCfg = Debug|Any CPU
		{FE483EDA-F2C8-494C-9C4A-89F4730BAAA1}.Debug|Any CPU.Build.0 = Debug|Any CPU
		{FE483EDA-F2C8-494C-9C4A-89F4730BAAA1}.Release|Any CPU.ActiveCfg = Release|Any CPU
		{FE483EDA-F2C8-494C-9C4A-89F4730BAAA1}.Release|Any CPU.Build.0 = Release|Any CPU
		{8E23D348-A26A-4463-B4DB-11EA56CAE751}.Debug|Any CPU.ActiveCfg = Debug|Any CPU
		{8E23D348-A26A-4463-B4DB-11EA56CAE751}.Debug|Any CPU.Build.0 = Debug|Any CPU
		{8E23D348-A26A-4463-B4DB-11EA56CAE751}.Release|Any CPU.ActiveCfg = Release|Any CPU
		{8E23D348-A26A-4463-B4DB-11EA56CAE751}.Release|Any CPU.Build.0 = Release|Any CPU
	EndGlobalSection
	GlobalSection(SolutionProperties) = preSolution
		HideSolutionNode = FALSE
	EndGlobalSection
EndGlobal
